{
  "version": 4,
  "terraform_version": "1.1.7",
  "serial": 7,
  "lineage": "2600c13d-694a-f900-ea9b-441f7496942e",
  "outputs": {
    "network_name": {
      "value": "my-custom-mode-network",
      "type": "string"
    },
    "network_self_link": {
      "value": "https://www.googleapis.com/compute/v1/projects/spatial-lock-338613/global/networks/my-custom-mode-network",
      "type": "string"
    },
    "project_id": {
      "value": "spatial-lock-338613",
      "type": "string"
    },
    "route_names": {
      "value": [],
      "type": [
        "tuple",
        []
      ]
    },
    "subnets_flow_logs": {
      "value": [
        true,
        true
      ],
      "type": [
        "tuple",
        [
          "bool",
          "bool"
        ]
      ]
    },
    "subnets_ips": {
      "value": [
        "10.10.10.0/24",
        "10.10.20.0/24"
      ],
      "type": [
        "tuple",
        [
          "string",
          "string"
        ]
      ]
    },
    "subnets_names": {
      "value": [
        "subnet-01",
        "subnet-02"
      ],
      "type": [
        "tuple",
        [
          "string",
          "string"
        ]
      ]
    },
    "subnets_private_access": {
      "value": [
        true,
        true
      ],
      "type": [
        "tuple",
        [
          "bool",
          "bool"
        ]
      ]
    },
    "subnets_regions": {
      "value": [
        "us-west1",
        "us-west1"
      ],
      "type": [
        "tuple",
        [
          "string",
          "string"
        ]
      ]
    },
    "subnets_secondary_ranges": {
      "value": [
        [],
        []
      ],
      "type": [
        "tuple",
        [
          [
            "list",
            [
              "object",
              {
                "ip_cidr_range": "string",
                "range_name": "string"
              }
            ]
          ],
          [
            "list",
            [
              "object",
              {
                "ip_cidr_range": "string",
                "range_name": "string"
              }
            ]
          ]
        ]
      ]
    }
  },
  "resources": [
    {
      "module": "module.firewall_rules",
      "mode": "managed",
      "type": "google_compute_firewall",
      "name": "rules",
      "provider": "provider[\"registry.terraform.io/hashicorp/google\"]",
      "instances": [
        {
          "index_key": "allow-ssh-ingress",
          "schema_version": 1,
          "attributes": {
            "allow": [
              {
                "ports": [
                  "22"
                ],
                "protocol": "tcp"
              }
            ],
            "creation_timestamp": "2022-03-18T05:42:07.337-07:00",
            "deny": [],
            "description": "",
            "destination_ranges": [],
            "direction": "INGRESS",
            "disabled": false,
            "enable_logging": null,
            "id": "projects/spatial-lock-338613/global/firewalls/allow-ssh-ingress",
            "log_config": [
              {
                "metadata": "INCLUDE_ALL_METADATA"
              }
            ],
            "name": "allow-ssh-ingress",
            "network": "https://www.googleapis.com/compute/v1/projects/spatial-lock-338613/global/networks/my-custom-mode-network",
            "priority": 1000,
            "project": "spatial-lock-338613",
            "self_link": "https://www.googleapis.com/compute/v1/projects/spatial-lock-338613/global/firewalls/allow-ssh-ingress",
            "source_ranges": [
              "0.0.0.0/0"
            ],
            "source_service_accounts": null,
            "source_tags": null,
            "target_service_accounts": null,
            "target_tags": null,
            "timeouts": null
          },
          "sensitive_attributes": [],
          "private": "eyJlMmJmYjczMC1lY2FhLTExZTYtOGY4OC0zNDM2M2JjN2M0YzAiOnsiY3JlYXRlIjoxMjAwMDAwMDAwMDAwLCJkZWxldGUiOjEyMDAwMDAwMDAwMDAsInVwZGF0ZSI6MTIwMDAwMDAwMDAwMH0sInNjaGVtYV92ZXJzaW9uIjoiMSJ9"
        }
      ]
    },
    {
      "module": "module.test-vpc-module.module.subnets",
      "mode": "managed",
      "type": "google_compute_subnetwork",
      "name": "subnetwork",
      "provider": "provider[\"registry.terraform.io/hashicorp/google\"]",
      "instances": [
        {
          "index_key": "us-west1/subnet-01",
          "schema_version": 0,
          "attributes": {
            "creation_timestamp": "2022-03-18T05:04:37.957-07:00",
            "description": "",
            "external_ipv6_prefix": "",
            "fingerprint": null,
            "gateway_address": "10.10.10.1",
            "id": "projects/spatial-lock-338613/regions/us-west1/subnetworks/subnet-01",
            "ip_cidr_range": "10.10.10.0/24",
            "ipv6_access_type": "",
            "ipv6_cidr_range": "",
            "log_config": [
              {
                "aggregation_interval": "INTERVAL_5_SEC",
                "filter_expr": "true",
                "flow_sampling": 0.5,
                "metadata": "INCLUDE_ALL_METADATA",
                "metadata_fields": []
              }
            ],
            "name": "subnet-01",
            "network": "https://www.googleapis.com/compute/v1/projects/spatial-lock-338613/global/networks/my-custom-mode-network",
            "private_ip_google_access": true,
            "private_ipv6_google_access": "DISABLE_GOOGLE_ACCESS",
            "project": "spatial-lock-338613",
            "purpose": "PRIVATE",
            "region": "us-west1",
            "role": "",
            "secondary_ip_range": [],
            "self_link": "https://www.googleapis.com/compute/v1/projects/spatial-lock-338613/regions/us-west1/subnetworks/subnet-01",
            "stack_type": "IPV4_ONLY",
            "timeouts": null
          },
          "sensitive_attributes": [],
          "private": "eyJlMmJmYjczMC1lY2FhLTExZTYtOGY4OC0zNDM2M2JjN2M0YzAiOnsiY3JlYXRlIjoxMjAwMDAwMDAwMDAwLCJkZWxldGUiOjEyMDAwMDAwMDAwMDAsInVwZGF0ZSI6MTIwMDAwMDAwMDAwMH19",
          "dependencies": [
            "module.test-vpc-module.module.vpc.google_compute_network.network"
          ]
        },
        {
          "index_key": "us-west1/subnet-02",
          "schema_version": 0,
          "attributes": {
            "creation_timestamp": "2022-03-18T05:04:38.205-07:00",
            "description": "",
            "external_ipv6_prefix": "",
            "fingerprint": null,
            "gateway_address": "10.10.20.1",
            "id": "projects/spatial-lock-338613/regions/us-west1/subnetworks/subnet-02",
            "ip_cidr_range": "10.10.20.0/24",
            "ipv6_access_type": "",
            "ipv6_cidr_range": "",
            "log_config": [
              {
                "aggregation_interval": "INTERVAL_5_SEC",
                "filter_expr": "true",
                "flow_sampling": 0.5,
                "metadata": "INCLUDE_ALL_METADATA",
                "metadata_fields": []
              }
            ],
            "name": "subnet-02",
            "network": "https://www.googleapis.com/compute/v1/projects/spatial-lock-338613/global/networks/my-custom-mode-network",
            "private_ip_google_access": true,
            "private_ipv6_google_access": "DISABLE_GOOGLE_ACCESS",
            "project": "spatial-lock-338613",
            "purpose": "PRIVATE",
            "region": "us-west1",
            "role": "",
            "secondary_ip_range": [],
            "self_link": "https://www.googleapis.com/compute/v1/projects/spatial-lock-338613/regions/us-west1/subnetworks/subnet-02",
            "stack_type": "IPV4_ONLY",
            "timeouts": null
          },
          "sensitive_attributes": [],
          "private": "eyJlMmJmYjczMC1lY2FhLTExZTYtOGY4OC0zNDM2M2JjN2M0YzAiOnsiY3JlYXRlIjoxMjAwMDAwMDAwMDAwLCJkZWxldGUiOjEyMDAwMDAwMDAwMDAsInVwZGF0ZSI6MTIwMDAwMDAwMDAwMH19",
          "dependencies": [
            "module.test-vpc-module.module.vpc.google_compute_network.network"
          ]
        }
      ]
    },
    {
      "module": "module.test-vpc-module.module.vpc",
      "mode": "managed",
      "type": "google_compute_network",
      "name": "network",
      "provider": "provider[\"registry.terraform.io/hashicorp/google\"]",
      "instances": [
        {
          "schema_version": 0,
          "attributes": {
            "auto_create_subnetworks": false,
            "delete_default_routes_on_create": false,
            "description": "",
            "gateway_ipv4": "",
            "id": "projects/spatial-lock-338613/global/networks/my-custom-mode-network",
            "mtu": 1460,
            "name": "my-custom-mode-network",
            "project": "spatial-lock-338613",
            "routing_mode": "GLOBAL",
            "self_link": "https://www.googleapis.com/compute/v1/projects/spatial-lock-338613/global/networks/my-custom-mode-network",
            "timeouts": null
          },
          "sensitive_attributes": [],
          "private": "eyJlMmJmYjczMC1lY2FhLTExZTYtOGY4OC0zNDM2M2JjN2M0YzAiOnsiY3JlYXRlIjoxMjAwMDAwMDAwMDAwLCJkZWxldGUiOjEyMDAwMDAwMDAwMDAsInVwZGF0ZSI6MTIwMDAwMDAwMDAwMH19"
        }
      ]
    }
  ]
}
